// !$*UTF8*$!
{
	archiveVersion = 1;
	classes = {
	};
	objectVersion = 55;
	objects = {

/* Begin PBXBuildFile section */
		DC0E032E2841E7E9008526E0 /* FavoriteButton.swift in Sources */ = {isa = PBXBuildFile; fileRef = DC0E032D2841E7E9008526E0 /* FavoriteButton.swift */; };
		DC9C85C02835589400430A26 /* LandmarksApp.swift in Sources */ = {isa = PBXBuildFile; fileRef = DC9C85BF2835589400430A26 /* LandmarksApp.swift */; };
		DC9C85C22835589400430A26 /* ContentView.swift in Sources */ = {isa = PBXBuildFile; fileRef = DC9C85C12835589400430A26 /* ContentView.swift */; };
		DC9C85C72835589500430A26 /* Preview Assets.xcassets in Resources */ = {isa = PBXBuildFile; fileRef = DC9C85C62835589500430A26 /* Preview Assets.xcassets */; };
		DC9C85CE2835611800430A26 /* CircleImage.swift in Sources */ = {isa = PBXBuildFile; fileRef = DC9C85CD2835611800430A26 /* CircleImage.swift */; };
		DC9C85D02835630100430A26 /*  MapView.swift in Sources */ = {isa = PBXBuildFile; fileRef = DC9C85CF2835630100430A26 /*  MapView.swift */; };
		DC9C85D228356A9600430A26 /* BuildingListsAndNavigation in Resources */ = {isa = PBXBuildFile; fileRef = DC9C85D128356A9600430A26 /* BuildingListsAndNavigation */; };
		DC9C85D428356AE100430A26 /* Landmark.swift in Sources */ = {isa = PBXBuildFile; fileRef = DC9C85D328356AE100430A26 /* Landmark.swift */; };
		DC9C85D628356C2800430A26 /* Assets.xcassets in Resources */ = {isa = PBXBuildFile; fileRef = DC9C85D528356C2800430A26 /* Assets.xcassets */; };
		DC9C85D828356DCF00430A26 /* ModelData.swift in Sources */ = {isa = PBXBuildFile; fileRef = DC9C85D728356DCF00430A26 /* ModelData.swift */; };
		DC9C85DF283572AF00430A26 /* landmarkData.json in Resources */ = {isa = PBXBuildFile; fileRef = DC9C85DE283572AF00430A26 /* landmarkData.json */; };
		DC9C85E12835767E00430A26 /* LandmarkRow copy.swift in Sources */ = {isa = PBXBuildFile; fileRef = DC9C85E02835767E00430A26 /* LandmarkRow copy.swift */; };
		DC9C85E32835785D00430A26 /* LandmarkList.swift in Sources */ = {isa = PBXBuildFile; fileRef = DC9C85E22835785D00430A26 /* LandmarkList.swift */; };
		DC9C85E5283579F300430A26 /* LandmarkDetail.swift in Sources */ = {isa = PBXBuildFile; fileRef = DC9C85E4283579F300430A26 /* LandmarkDetail.swift */; };
/* End PBXBuildFile section */

/* Begin PBXFileReference section */
		DC0E032D2841E7E9008526E0 /* FavoriteButton.swift */ = {isa = PBXFileReference; lastKnownFileType = sourcecode.swift; path = FavoriteButton.swift; sourceTree = "<group>"; };
		DC9C85BC2835589400430A26 /* Landmarks.app */ = {isa = PBXFileReference; explicitFileType = wrapper.application; includeInIndex = 0; path = Landmarks.app; sourceTree = BUILT_PRODUCTS_DIR; };
		DC9C85BF2835589400430A26 /* LandmarksApp.swift */ = {isa = PBXFileReference; lastKnownFileType = sourcecode.swift; path = LandmarksApp.swift; sourceTree = "<group>"; };
		DC9C85C12835589400430A26 /* ContentView.swift */ = {isa = PBXFileReference; lastKnownFileType = sourcecode.swift; path = ContentView.swift; sourceTree = "<group>"; };
		DC9C85C62835589500430A26 /* Preview Assets.xcassets */ = {isa = PBXFileReference; lastKnownFileType = folder.assetcatalog; path = "Preview Assets.xcassets"; sourceTree = "<group>"; };
		DC9C85CD2835611800430A26 /* CircleImage.swift */ = {isa = PBXFileReference; lastKnownFileType = sourcecode.swift; path = CircleImage.swift; sourceTree = "<group>"; };
		DC9C85CF2835630100430A26 /*  MapView.swift */ = {isa = PBXFileReference; lastKnownFileType = sourcecode.swift; path = " MapView.swift"; sourceTree = "<group>"; };
		DC9C85D128356A9600430A26 /* BuildingListsAndNavigation */ = {isa = PBXFileReference; lastKnownFileType = folder; path = BuildingListsAndNavigation; sourceTree = "<group>"; };
		DC9C85D328356AE100430A26 /* Landmark.swift */ = {isa = PBXFileReference; lastKnownFileType = sourcecode.swift; path = Landmark.swift; sourceTree = "<group>"; };
		DC9C85D528356C2800430A26 /* Assets.xcassets */ = {isa = PBXFileReference; lastKnownFileType = folder.assetcatalog; name = Assets.xcassets; path = "Preview Content/BuildingListsAndNavigation/Complete/Landmarks/Assets.xcassets"; sourceTree = "<group>"; };
		DC9C85D728356DCF00430A26 /* ModelData.swift */ = {isa = PBXFileReference; lastKnownFileType = sourcecode.swift; path = ModelData.swift; sourceTree = "<group>"; };
		DC9C85DE283572AF00430A26 /* landmarkData.json */ = {isa = PBXFileReference; fileEncoding = 4; lastKnownFileType = text.json; path = landmarkData.json; sourceTree = "<group>"; };
		DC9C85E02835767E00430A26 /* LandmarkRow copy.swift */ = {isa = PBXFileReference; fileEncoding = 4; lastKnownFileType = sourcecode.swift; path = "LandmarkRow copy.swift"; sourceTree = "<group>"; };
		DC9C85E22835785D00430A26 /* LandmarkList.swift */ = {isa = PBXFileReference; lastKnownFileType = sourcecode.swift; path = LandmarkList.swift; sourceTree = "<group>"; };
		DC9C85E4283579F300430A26 /* LandmarkDetail.swift */ = {isa = PBXFileReference; lastKnownFileType = sourcecode.swift; path = LandmarkDetail.swift; sourceTree = "<group>"; };
/* End PBXFileReference section */

/* Begin PBXFrameworksBuildPhase section */
		DC9C85B92835589400430A26 /* Frameworks */ = {
			isa = PBXFrameworksBuildPhase;
			buildActionMask = 2147483647;
			files = (
			);
			runOnlyForDeploymentPostprocessing = 0;
		};
/* End PBXFrameworksBuildPhase section */

/* Begin PBXGroup section */
		DC9C85B32835589400430A26 = {
			isa = PBXGroup;
			children = (
				DC9C85D928356EFC00430A26 /* Model */,
				DC9C85BE2835589400430A26 /* Landmarks */,
				DC9C85BD2835589400430A26 /* Products */,
			);
			sourceTree = "<group>";
		};
		DC9C85BD2835589400430A26 /* Products */ = {
			isa = PBXGroup;
			children = (
				DC9C85BC2835589400430A26 /* Landmarks.app */,
			);
			name = Products;
			sourceTree = "<group>";
		};
		DC9C85BE2835589400430A26 /* Landmarks */ = {
			isa = PBXGroup;
			children = (
				DC9C85BF2835589400430A26 /* LandmarksApp.swift */,
				DC9C85C12835589400430A26 /* ContentView.swift */,
				DC9C85CD2835611800430A26 /* CircleImage.swift */,
				DC9C85CF2835630100430A26 /*  MapView.swift */,
				DC9C85D528356C2800430A26 /* Assets.xcassets */,
				DC9C85DE283572AF00430A26 /* landmarkData.json */,
				DC9C85E02835767E00430A26 /* LandmarkRow copy.swift */,
				DC9C85E22835785D00430A26 /* LandmarkList.swift */,
				DC9C85E4283579F300430A26 /* LandmarkDetail.swift */,
				DC0E032D2841E7E9008526E0 /* FavoriteButton.swift */,
				DC9C85C52835589500430A26 /* Preview Content */,
			);
			path = Landmarks;
			sourceTree = "<group>";
		};
		DC9C85C52835589500430A26 /* Preview Content */ = {
			isa = PBXGroup;
			children = (
				DC9C85D128356A9600430A26 /* BuildingListsAndNavigation */,
				DC9C85C62835589500430A26 /* Preview Assets.xcassets */,
			);
			path = "Preview Content";
			sourceTree = "<group>";
		};
		DC9C85D928356EFC00430A26 /* Model */ = {
			isa = PBXGroup;
			children = (
				DC9C85D328356AE100430A26 /* Landmark.swift */,
				DC9C85D728356DCF00430A26 /* ModelData.swift */,
			);
			path = Model;
			sourceTree = "<group>";
		};
/* End PBXGroup section */

/* Begin PBXNativeTarget section */
		DC9C85BB2835589400430A26 /* Landmarks */ = {
			isa = PBXNativeTarget;
			buildConfigurationList = DC9C85CA2835589500430A26 /* Build configuration list for PBXNativeTarget "Landmarks" */;
			buildPhases = (
				DC9C85B82835589400430A26 /* Sources */,
				DC9C85B92835589400430A26 /* Frameworks */,
				DC9C85BA2835589400430A26 /* Resources */,
			);
			buildRules = (
			);
			dependencies = (
			);
			name = Landmarks;
			productName = Landmarks;
			productReference = DC9C85BC2835589400430A26 /* Landmarks.app */;
			productType = "com.apple.product-type.application";
		};
/* End PBXNativeTarget section */

/* Begin PBXProject section */
		DC9C85B42835589400430A26 /* Project object */ = {
			isa = PBXProject;
			attributes = {
				BuildIndependentTargetsInParallel = 1;
				LastSwiftUpdateCheck = 1340;
				LastUpgradeCheck = 1340;
				TargetAttributes = {
					DC9C85BB2835589400430A26 = {
						CreatedOnToolsVersion = 13.4;
					};
				};
			};
			buildConfigurationList = DC9C85B72835589400430A26 /* Build configuration list for PBXProject "Landmarks" */;
			compatibilityVersion = "Xcode 13.0";
			developmentRegion = en;
			hasScannedForEncodings = 0;
			knownRegions = (
				en,
				Base,
			);
			mainGroup = DC9C85B32835589400430A26;
			productRefGroup = DC9C85BD2835589400430A26 /* Products */;
			projectDirPath = "";
			projectRoot = "";
			targets = (
				DC9C85BB2835589400430A26 /* Landmarks */,
			);
		};
/* End PBXProject section */

/* Begin PBXResourcesBuildPhase section */
		DC9C85BA2835589400430A26 /* Resources */ = {
			isa = PBXResourcesBuildPhase;
			buildActionMask = 2147483647;
			files = (
				DC9C85C72835589500430A26 /* Preview Assets.xcassets in Resources */,
				DC9C85DF283572AF00430A26 /* landmarkData.json in Resources */,
				DC9C85D228356A9600430A26 /* BuildingListsAndNavigation in Resources */,
				DC9C85D628356C2800430A26 /* Assets.xcassets in Resources */,
			);
			runOnlyForDeploymentPostprocessing = 0;
		};
/* End PBXResourcesBuildPhase section */

/* Begin PBXSourcesBuildPhase section */
		DC9C85B82835589400430A26 /* Sources */ = {
			isa = PBXSourcesBuildPhase;
			buildActionMask = 2147483647;
			files = (
				DC9C85C22835589400430A26 /* ContentView.swift in Sources */,
				DC9C85C02835589400430A26 /* LandmarksApp.swift in Sources */,
				DC9C85E5283579F300430A26 /* LandmarkDetail.swift in Sources */,
				DC0E032E2841E7E9008526E0 /* FavoriteButton.swift in Sources */,
				DC9C85CE2835611800430A26 /* CircleImage.swift in Sources */,
				DC9C85E32835785D00430A26 /* LandmarkList.swift in Sources */,
				DC9C85D02835630100430A26 /*  MapView.swift in Sources */,
				DC9C85D428356AE100430A26 /* Landmark.swift in Sources */,
				DC9C85E12835767E00430A26 /* LandmarkRow copy.swift in Sources */,
				DC9C85D828356DCF00430A26 /* ModelData.swift in Sources */,
			);
			runOnlyForDeploymentPostprocessing = 0;
		};
/* End PBXSourcesBuildPhase section */

/* Begin XCBuildConfiguration section */
		DC9C85C82835589500430A26 /* Debug */ = {
			isa = XCBuildConfiguration;
			buildSettings = {
				ALWAYS_SEARCH_USER_PATHS = NO;
				CLANG_ANALYZER_NONNULL = YES;
				CLANG_ANALYZER_NUMBER_OBJECT_CONVERSION = YES_AGGRESSIVE;
				CLANG_CXX_LANGUAGE_STANDARD = "gnu++17";
				CLANG_ENABLE_MODULES = YES;
				CLANG_ENABLE_OBJC_ARC = YES;
				CLANG_ENABLE_OBJC_WEAK = YES;
				CLANG_WARN_BLOCK_CAPTURE_AUTORELEASING = YES;
				CLANG_WARN_BOOL_CONVERSION = YES;
				CLANG_WARN_COMMA = YES;
				CLANG_WARN_CONSTANT_CONVERSION = YES;
				CLANG_WARN_DEPRECATED_OBJC_IMPLEMENTATIONS = YES;
				CLANG_WARN_DIRECT_OBJC_ISA_USAGE = YES_ERROR;
				CLANG_WARN_DOCUMENTATION_COMMENTS = YES;
				CLANG_WARN_EMPTY_BODY = YES;
				CLANG_WARN_ENUM_CONVERSION = YES;
				CLANG_WARN_INFINITE_RECURSION = YES;
				CLANG_WARN_INT_CONVERSION = YES;
				CLANG_WARN_NON_LITERAL_NULL_CONVERSION = YES;
				CLANG_WARN_OBJC_IMPLICIT_RETAIN_SELF = YES;
				CLANG_WARN_OBJC_LITERAL_CONVERSION = YES;
				CLANG_WARN_OBJC_ROOT_CLASS = YES_ERROR;
				CLANG_WARN_QUOTED_INCLUDE_IN_FRAMEWORK_HEADER = YES;
				CLANG_WARN_RANGE_LOOP_ANALYSIS = YES;
				CLANG_WARN_STRICT_PROTOTYPES = YES;
				CLANG_WARN_SUSPICIOUS_MOVE = YES;
				CLANG_WARN_UNGUARDED_AVAILABILITY = YES_AGGRESSIVE;
				CLANG_WARN_UNREACHABLE_CODE = YES;
				CLANG_WARN__DUPLICATE_METHOD_MATCH = YES;
				COPY_PHASE_STRIP = NO;
				DEBUG_INFORMATION_FORMAT = dwarf;
				ENABLE_STRICT_OBJC_MSGSEND = YES;
				ENABLE_TESTABILITY = YES;
				GCC_C_LANGUAGE_STANDARD = gnu11;
				GCC_DYNAMIC_NO_PIC = NO;
				GCC_NO_COMMON_BLOCKS = YES;
				GCC_OPTIMIZATION_LEVEL = 0;
				GCC_PREPROCESSOR_DEFINITIONS = (
					"DEBUG=1",
					"$(inherited)",
				);
				GCC_WARN_64_TO_32_BIT_CONVERSION = YES;
				GCC_WARN_ABOUT_RETURN_TYPE = YES_ERROR;
				GCC_WARN_UNDECLARED_SELECTOR = YES;
				GCC_WARN_UNINITIALIZED_AUTOS = YES_AGGRESSIVE;
				GCC_WARN_UNUSED_FUNCTION = YES;
				GCC_WARN_UNUSED_VARIABLE = YES;
				IPHONEOS_DEPLOYMENT_TARGET = 15.5;
				MTL_ENABLE_DEBUG_INFO = INCLUDE_SOURCE;
				MTL_FAST_MATH = YES;
				ONLY_ACTIVE_ARCH = YES;
				SDKROOT = iphoneos;
				SWIFT_ACTIVE_COMPILATION_CONDITIONS = DEBUG;
				SWIFT_OPTIMIZATION_LEVEL = "-Onone";
			};
			name = Debug;
		};
		DC9C85C92835589500430A26 /* Release */ = {
			isa = XCBuildConfiguration;
			buildSettings = {
				ALWAYS_SEARCH_USER_PATHS = NO;
				CLANG_ANALYZER_NONNULL = YES;
				CLANG_ANALYZER_NUMBER_OBJECT_CONVERSION = YES_AGGRESSIVE;
				CLANG_CXX_LANGUAGE_STANDARD = "gnu++17";
				CLANG_ENABLE_MODULES = YES;
				CLANG_ENABLE_OBJC_ARC = YES;
				CLANG_ENABLE_OBJC_WEAK = YES;
				CLANG_WARN_BLOCK_CAPTURE_AUTORELEASING = YES;
				CLANG_WARN_BOOL_CONVERSION = YES;
				CLANG_WARN_COMMA = YES;
				CLANG_WARN_CONSTANT_CONVERSION = YES;
				CLANG_WARN_DEPRECATED_OBJC_IMPLEMENTATIONS = YES;
				CLANG_WARN_DIRECT_OBJC_ISA_USAGE = YES_ERROR;
				CLANG_WARN_DOCUMENTATION_COMMENTS = YES;
				CLANG_WARN_EMPTY_BODY = YES;
				CLANG_WARN_ENUM_CONVERSION = YES;
				CLANG_WARN_INFINITE_RECURSION = YES;
				CLANG_WARN_INT_CONVERSION = YES;
				CLANG_WARN_NON_LITERAL_NULL_CONVERSION = YES;
				CLANG_WARN_OBJC_IMPLICIT_RETAIN_SELF = YES;
				CLANG_WARN_OBJC_LITERAL_CONVERSION = YES;
				CLANG_WARN_OBJC_ROOT_CLASS = YES_ERROR;
				CLANG_WARN_QUOTED_INCLUDE_IN_FRAMEWORK_HEADER = YES;
				CLANG_WARN_RANGE_LOOP_ANALYSIS = YES;
				CLANG_WARN_STRICT_PROTOTYPES = YES;
				CLANG_WARN_SUSPICIOUS_MOVE = YES;
				CLANG_WARN_UNGUARDED_AVAILABILITY = YES_AGGRESSIVE;
				CLANG_WARN_UNREACHABLE_CODE = YES;
				CLANG_WARN__DUPLICATE_METHOD_MATCH = YES;
				COPY_PHASE_STRIP = NO;
				DEBUG_INFORMATION_FORMAT = "dwarf-with-dsym";
				ENABLE_NS_ASSERTIONS = NO;
				ENABLE_STRICT_OBJC_MSGSEND = YES;
				GCC_C_LANGUAGE_STANDARD = gnu11;
				GCC_NO_COMMON_BLOCKS = YES;
				GCC_WARN_64_TO_32_BIT_CONVERSION = YES;
				GCC_WARN_ABOUT_RETURN_TYPE = YES_ERROR;
				GCC_WARN_UNDECLARED_SELECTOR = YES;
				GCC_WARN_UNINITIALIZED_AUTOS = YES_AGGRESSIVE;
				GCC_WARN_UNUSED_FUNCTION = YES;
				GCC_WARN_UNUSED_VARIABLE = YES;
				IPHONEOS_DEPLOYMENT_TARGET = 15.5;
				MTL_ENABLE_DEBUG_INFO = NO;
				MTL_FAST_MATH = YES;
				SDKROOT = iphoneos;
				SWIFT_COMPILATION_MODE = wholemodule;
				SWIFT_OPTIMIZATION_LEVEL = "-O";
				VALIDATE_PRODUCT = YES;
			};
			name = Release;
		};
		DC9C85CB2835589500430A26 /* Debug */ = {
			isa = XCBuildConfiguration;
			buildSettings = {
				ASSETCATALOG_COMPILER_APPICON_NAME = AppIcon;
				ASSETCATALOG_COMPILER_GLOBAL_ACCENT_COLOR_NAME = AccentColor;
				CODE_SIGN_STYLE = Automatic;
				CURRENT_PROJECT_VERSION = 1;
				DEVELOPMENT_ASSET_PATHS = "\"Landmarks/Preview Content\"";
				ENABLE_PREVIEWS = YES;
				GENERATE_INFOPLIST_FILE = YES;
				INFOPLIST_KEY_UIApplicationSceneManifest_Generation = YES;
				INFOPLIST_KEY_UIApplicationSupportsIndirectInputEvents = YES;
				INFOPLIST_KEY_UILaunchScreen_Generation = YES;
				INFOPLIST_KEY_UISupportedInterfaceOrientations_iPad = "UIInterfaceOrientationPortrait UIInterfaceOrientationPortraitUpsideDown UIInterfaceOrientationLandscapeLeft UIInterfaceOrientationLandscapeRight";
				INFOPLIST_KEY_UISupportedInterfaceOrientations_iPhone = "UIInterfaceOrientationPortrait UIInterfaceOrientationLandscapeLeft UIInterfaceOrientationLandscapeRight";
				LD_RUNPATH_SEARCH_PATHS = (
					"$(inherited)",
					"@executable_path/Frameworks",
				);
				MARKETING_VERSION = 1.0;
				PRODUCT_BUNDLE_IDENTIFIER = kirtan.Landmarks;
				PRODUCT_NAME = "$(TARGET_NAME)";
				SWIFT_EMIT_LOC_STRINGS = YES;
				SWIFT_VERSION = 5.0;
				TARGETED_DEVICE_FAMILY = "1,2";
			};
			name = Debug;
		};
		DC9C85CC2835589500430A26 /* Release */ = {
			isa = XCBuildConfiguration;
			buildSettings = {
				ASSETCATALOG_COMPILER_APPICON_NAME = AppIcon;
				ASSETCATALOG_COMPILER_GLOBAL_ACCENT_COLOR_NAME = AccentColor;
				CODE_SIGN_STYLE = Automatic;
				CURRENT_PROJECT_VERSION = 1;
				DEVELOPMENT_ASSET_PATHS = "\"Landmarks/Preview Content\"";
				ENABLE_PREVIEWS = YES;
				GENERATE_INFOPLIST_FILE = YES;
				INFOPLIST_KEY_UIApplicationSceneManifest_Generation = YES;
				INFOPLIST_KEY_UIApplicationSupportsIndirectInputEvents = YES;
				INFOPLIST_KEY_UILaunchScreen_Generation = YES;
				INFOPLIST_KEY_UISupportedInterfaceOrientations_iPad = "UIInterfaceOrientationPortrait UIInterfaceOrientationPortraitUpsideDown UIInterfaceOrientationLandscapeLeft UIInterfaceOrientationLandscapeRight";
				INFOPLIST_KEY_UISupportedInterfaceOrientations_iPhone = "UIInterfaceOrientationPortrait UIInterfaceOrientationLandscapeLeft UIInterfaceOrientationLandscapeRight";
				LD_RUNPATH_SEARCH_PATHS = (
					"$(inherited)",
					"@executable_path/Frameworks",
				);
				MARKETING_VERSION = 1.0;
				PRODUCT_BUNDLE_IDENTIFIER = kirtan.Landmarks;
				PRODUCT_NAME = "$(TARGET_NAME)";
				SWIFT_EMIT_LOC_STRINGS = YES;
				SWIFT_VERSION = 5.0;
				TARGETED_DEVICE_FAMILY = "1,2";
			};
			name = Release;
		};
/* End XCBuildConfiguration section */

/* Begin XCConfigurationList section */
		DC9C85B72835589400430A26 /* Build configuration list for PBXProject "Landmarks" */ = {
			isa = XCConfigurationList;
			buildConfigurations = (
				DC9C85C82835589500430A26 /* Debug */,
				DC9C85C92835589500430A26 /* Release */,
			);
			defaultConfigurationIsVisible = 0;
			defaultConfigurationName = Release;
		};
		DC9C85CA2835589500430A26 /* Build configuration list for PBXNativeTarget "Landmarks" */ = {
			isa = XCConfigurationList;
			buildConfigurations = (
				DC9C85CB2835589500430A26 /* Debug */,
				DC9C85CC2835589500430A26 /* Release */,
			);
			defaultConfigurationIsVisible = 0;
			defaultConfigurationName = Release;
		};
/* End XCConfigurationList section */
	};
	rootObject = DC9C85B42835589400430A26 /* Project object */;
}
